
Microsoft Visual Studio Solution File, Format Version 12.00
# Visual Studio 2012
Project("{FAE04EC0-301F-11D3-BF4B-00C04F79EFBC}") = "Polakken", "Polakken\Polakken.csproj", "{6EEB1318-8DFA-41A4-8EAC-2835E031F953}"
EndProject
Global
	GlobalSection(SolutionConfigurationPlatforms) = preSolution
		Debug|Any CPU = Debug|Any CPU
		Release|Any CPU = Release|Any CPU
	EndGlobalSection
	GlobalSection(ProjectConfigurationPlatforms) = postSolution
		{6EEB1318-8DFA-41A4-8EAC-2835E031F953}.Debug|Any CPU.ActiveCfg = Debug|Any CPU
		{6EEB1318-8DFA-41A4-8EAC-2835E031F953}.Debug|Any CPU.Build.0 = Debug|Any CPU
		{6EEB1318-8DFA-41A4-8EAC-2835E031F953}.Release|Any CPU.ActiveCfg = Release|Any CPU
		{6EEB1318-8DFA-41A4-8EAC-2835E031F953}.Release|Any CPU.Build.0 = Release|Any CPU
	EndGlobalSection
	GlobalSection(SolutionProperties) = preSolution
		HideSolutionNode = FALSE
	EndGlobalSection
EndGlobal
